
Microsoft Visual Studio Solution File, Format Version 12.00
# Visual Studio Express 15 for Windows Desktop
VisualStudioVersion = 15.0.28307.168
MinimumVisualStudioVersion = 10.0.40219.1
Project("{F184B08F-C81C-45F6-A57F-5ABD9991F28F}") = "Registration_form", "Registration_form\Registration_form.vbproj", "{CDCC4884-1B07-4738-B956-BF04C9E2152C}"
EndProject
Global
	GlobalSection(SolutionConfigurationPlatforms) = preSolution
		Debug|Any CPU = Debug|Any CPU
		Release|Any CPU = Release|Any CPU
	EndGlobalSection
	GlobalSection(ProjectConfigurationPlatforms) = postSolution
		{CDCC4884-1B07-4738-B956-BF04C9E2152C}.Debug|Any CPU.ActiveCfg = Debug|Any CPU
		{CDCC4884-1B07-4738-B956-BF04C9E2152C}.Debug|Any CPU.Build.0 = Debug|Any CPU
		{CDCC4884-1B07-4738-B956-BF04C9E2152C}.Release|Any CPU.ActiveCfg = Release|Any CPU
		{CDCC4884-1B07-4738-B956-BF04C9E2152C}.Release|Any CPU.Build.0 = Release|Any CPU
	EndGlobalSection
	GlobalSection(SolutionProperties) = preSolution
		HideSolutionNode = FALSE
	EndGlobalSection
	GlobalSection(ExtensibilityGlobals) = postSolution
		SolutionGuid = {A89C0C15-AD0B-4BDB-A599-50C15A6B40EF}
	EndGlobalSection
EndGlobal
