
Microsoft Visual Studio Solution File, Format Version 12.00
# Visual Studio Express 15 for Windows Desktop
VisualStudioVersion = 15.0.28307.168
MinimumVisualStudioVersion = 10.0.40219.1
Project("{F184B08F-C81C-45F6-A57F-5ABD9991F28F}") = "calculator_form", "calculator_form\calculator_form.vbproj", "{8DDF46AB-E29B-4FF4-9170-AB0CF313CECA}"
EndProject
Global
	GlobalSection(SolutionConfigurationPlatforms) = preSolution
		Debug|Any CPU = Debug|Any CPU
		Release|Any CPU = Release|Any CPU
	EndGlobalSection
	GlobalSection(ProjectConfigurationPlatforms) = postSolution
		{8DDF46AB-E29B-4FF4-9170-AB0CF313CECA}.Debug|Any CPU.ActiveCfg = Debug|Any CPU
		{8DDF46AB-E29B-4FF4-9170-AB0CF313CECA}.Debug|Any CPU.Build.0 = Debug|Any CPU
		{8DDF46AB-E29B-4FF4-9170-AB0CF313CECA}.Release|Any CPU.ActiveCfg = Release|Any CPU
		{8DDF46AB-E29B-4FF4-9170-AB0CF313CECA}.Release|Any CPU.Build.0 = Release|Any CPU
	EndGlobalSection
	GlobalSection(SolutionProperties) = preSolution
		HideSolutionNode = FALSE
	EndGlobalSection
	GlobalSection(ExtensibilityGlobals) = postSolution
		SolutionGuid = {422575ED-CC6F-41C8-AE59-200F26DD3D52}
	EndGlobalSection
EndGlobal
