
Microsoft Visual Studio Solution File, Format Version 12.00
# Visual Studio Express 15 for Windows Desktop
VisualStudioVersion = 15.0.28307.168
MinimumVisualStudioVersion = 10.0.40219.1
Project("{F184B08F-C81C-45F6-A57F-5ABD9991F28F}") = "if_statement", "if_statement\if_statement.vbproj", "{39EB40C2-3B63-4767-82ED-79B19A178970}"
EndProject
Global
	GlobalSection(SolutionConfigurationPlatforms) = preSolution
		Debug|Any CPU = Debug|Any CPU
		Release|Any CPU = Release|Any CPU
	EndGlobalSection
	GlobalSection(ProjectConfigurationPlatforms) = postSolution
		{39EB40C2-3B63-4767-82ED-79B19A178970}.Debug|Any CPU.ActiveCfg = Debug|Any CPU
		{39EB40C2-3B63-4767-82ED-79B19A178970}.Debug|Any CPU.Build.0 = Debug|Any CPU
		{39EB40C2-3B63-4767-82ED-79B19A178970}.Release|Any CPU.ActiveCfg = Release|Any CPU
		{39EB40C2-3B63-4767-82ED-79B19A178970}.Release|Any CPU.Build.0 = Release|Any CPU
	EndGlobalSection
	GlobalSection(SolutionProperties) = preSolution
		HideSolutionNode = FALSE
	EndGlobalSection
	GlobalSection(ExtensibilityGlobals) = postSolution
		SolutionGuid = {79749C29-D980-4649-BF59-06557258DD41}
	EndGlobalSection
EndGlobal
