
Microsoft Visual Studio Solution File, Format Version 12.00
# Visual Studio Express 15 for Windows Desktop
VisualStudioVersion = 15.0.28307.168
MinimumVisualStudioVersion = 10.0.40219.1
Project("{F184B08F-C81C-45F6-A57F-5ABD9991F28F}") = "chap_2_grade", "chap_2_grade\chap_2_grade.vbproj", "{71F0F893-3B87-4A62-B6FF-FE19FF5649EF}"
EndProject
Global
	GlobalSection(SolutionConfigurationPlatforms) = preSolution
		Debug|Any CPU = Debug|Any CPU
		Release|Any CPU = Release|Any CPU
	EndGlobalSection
	GlobalSection(ProjectConfigurationPlatforms) = postSolution
		{71F0F893-3B87-4A62-B6FF-FE19FF5649EF}.Debug|Any CPU.ActiveCfg = Debug|Any CPU
		{71F0F893-3B87-4A62-B6FF-FE19FF5649EF}.Debug|Any CPU.Build.0 = Debug|Any CPU
		{71F0F893-3B87-4A62-B6FF-FE19FF5649EF}.Release|Any CPU.ActiveCfg = Release|Any CPU
		{71F0F893-3B87-4A62-B6FF-FE19FF5649EF}.Release|Any CPU.Build.0 = Release|Any CPU
	EndGlobalSection
	GlobalSection(SolutionProperties) = preSolution
		HideSolutionNode = FALSE
	EndGlobalSection
	GlobalSection(ExtensibilityGlobals) = postSolution
		SolutionGuid = {62D61069-F393-4640-BFFC-81A16ED10D2F}
	EndGlobalSection
EndGlobal
