
Microsoft Visual Studio Solution File, Format Version 12.00
# Visual Studio Express 15 for Windows Desktop
VisualStudioVersion = 15.0.28307.168
MinimumVisualStudioVersion = 10.0.40219.1
Project("{F184B08F-C81C-45F6-A57F-5ABD9991F28F}") = "chp_6_testform_database", "chp_6_testform_database\chp_6_testform_database.vbproj", "{C511FEDF-2230-4D16-8A7B-E99A1D11748E}"
EndProject
Global
	GlobalSection(SolutionConfigurationPlatforms) = preSolution
		Debug|Any CPU = Debug|Any CPU
		Release|Any CPU = Release|Any CPU
	EndGlobalSection
	GlobalSection(ProjectConfigurationPlatforms) = postSolution
		{C511FEDF-2230-4D16-8A7B-E99A1D11748E}.Debug|Any CPU.ActiveCfg = Debug|Any CPU
		{C511FEDF-2230-4D16-8A7B-E99A1D11748E}.Debug|Any CPU.Build.0 = Debug|Any CPU
		{C511FEDF-2230-4D16-8A7B-E99A1D11748E}.Release|Any CPU.ActiveCfg = Release|Any CPU
		{C511FEDF-2230-4D16-8A7B-E99A1D11748E}.Release|Any CPU.Build.0 = Release|Any CPU
	EndGlobalSection
	GlobalSection(SolutionProperties) = preSolution
		HideSolutionNode = FALSE
	EndGlobalSection
	GlobalSection(ExtensibilityGlobals) = postSolution
		SolutionGuid = {E5E6E465-0B5B-47F4-ABEE-76DAD620B54D}
	EndGlobalSection
EndGlobal
