
Microsoft Visual Studio Solution File, Format Version 12.00
# Visual Studio Express 15 for Windows Desktop
VisualStudioVersion = 15.0.28307.168
MinimumVisualStudioVersion = 10.0.40219.1
Project("{F184B08F-C81C-45F6-A57F-5ABD9991F28F}") = "Chp_3_timer", "Chp_3_timer\Chp_3_timer.vbproj", "{52A22F2A-2B1C-4322-8124-216762ED47C2}"
EndProject
Global
	GlobalSection(SolutionConfigurationPlatforms) = preSolution
		Debug|Any CPU = Debug|Any CPU
		Release|Any CPU = Release|Any CPU
	EndGlobalSection
	GlobalSection(ProjectConfigurationPlatforms) = postSolution
		{52A22F2A-2B1C-4322-8124-216762ED47C2}.Debug|Any CPU.ActiveCfg = Debug|Any CPU
		{52A22F2A-2B1C-4322-8124-216762ED47C2}.Debug|Any CPU.Build.0 = Debug|Any CPU
		{52A22F2A-2B1C-4322-8124-216762ED47C2}.Release|Any CPU.ActiveCfg = Release|Any CPU
		{52A22F2A-2B1C-4322-8124-216762ED47C2}.Release|Any CPU.Build.0 = Release|Any CPU
	EndGlobalSection
	GlobalSection(SolutionProperties) = preSolution
		HideSolutionNode = FALSE
	EndGlobalSection
	GlobalSection(ExtensibilityGlobals) = postSolution
		SolutionGuid = {FD0F0865-5AB1-4783-96A2-9FCBA0EFC317}
	EndGlobalSection
EndGlobal
