
Microsoft Visual Studio Solution File, Format Version 12.00
# Visual Studio Express 15 for Windows Desktop
VisualStudioVersion = 15.0.28307.168
MinimumVisualStudioVersion = 10.0.40219.1
Project("{F184B08F-C81C-45F6-A57F-5ABD9991F28F}") = "Hello_world", "Hello_world\Hello_world.vbproj", "{66A225A4-AED8-4365-9E3F-28B51B97AFB7}"
EndProject
Global
	GlobalSection(SolutionConfigurationPlatforms) = preSolution
		Debug|Any CPU = Debug|Any CPU
		Release|Any CPU = Release|Any CPU
	EndGlobalSection
	GlobalSection(ProjectConfigurationPlatforms) = postSolution
		{66A225A4-AED8-4365-9E3F-28B51B97AFB7}.Debug|Any CPU.ActiveCfg = Debug|Any CPU
		{66A225A4-AED8-4365-9E3F-28B51B97AFB7}.Debug|Any CPU.Build.0 = Debug|Any CPU
		{66A225A4-AED8-4365-9E3F-28B51B97AFB7}.Release|Any CPU.ActiveCfg = Release|Any CPU
		{66A225A4-AED8-4365-9E3F-28B51B97AFB7}.Release|Any CPU.Build.0 = Release|Any CPU
	EndGlobalSection
	GlobalSection(SolutionProperties) = preSolution
		HideSolutionNode = FALSE
	EndGlobalSection
	GlobalSection(ExtensibilityGlobals) = postSolution
		SolutionGuid = {D0DA05CA-6284-4E88-9E01-20506E39E3D1}
	EndGlobalSection
EndGlobal
