
Microsoft Visual Studio Solution File, Format Version 12.00
# Visual Studio Express 15 for Windows Desktop
VisualStudioVersion = 15.0.28307.168
MinimumVisualStudioVersion = 10.0.40219.1
Project("{F184B08F-C81C-45F6-A57F-5ABD9991F28F}") = "chap_2_do_while_loop", "chap_2_do_while_loop\chap_2_do_while_loop.vbproj", "{39C6485D-4E73-42D9-B902-F41C32A33733}"
EndProject
Global
	GlobalSection(SolutionConfigurationPlatforms) = preSolution
		Debug|Any CPU = Debug|Any CPU
		Release|Any CPU = Release|Any CPU
	EndGlobalSection
	GlobalSection(ProjectConfigurationPlatforms) = postSolution
		{39C6485D-4E73-42D9-B902-F41C32A33733}.Debug|Any CPU.ActiveCfg = Debug|Any CPU
		{39C6485D-4E73-42D9-B902-F41C32A33733}.Debug|Any CPU.Build.0 = Debug|Any CPU
		{39C6485D-4E73-42D9-B902-F41C32A33733}.Release|Any CPU.ActiveCfg = Release|Any CPU
		{39C6485D-4E73-42D9-B902-F41C32A33733}.Release|Any CPU.Build.0 = Release|Any CPU
	EndGlobalSection
	GlobalSection(SolutionProperties) = preSolution
		HideSolutionNode = FALSE
	EndGlobalSection
	GlobalSection(ExtensibilityGlobals) = postSolution
		SolutionGuid = {9EE38CD5-167D-4004-BFAB-19A87625CF43}
	EndGlobalSection
EndGlobal
